{
  "version": "2",
  "remote": {
    "https://deno.land/std@0.170.0/fmt/colors.ts": "03ad95e543d2808bc43c17a3dd29d25b43d0f16287fe562a0be89bf632454a12",
    "https://deno.land/std@0.192.0/_util/asserts.ts": "178dfc49a464aee693a7e285567b3d0b555dc805ff490505a8aae34f9cfb1462",
    "https://deno.land/std@0.192.0/_util/os.ts": "d932f56d41e4f6a6093d56044e29ce637f8dcc43c5a90af43504a889cf1775e3",
    "https://deno.land/std@0.192.0/bytes/copy.ts": "939d89e302a9761dcf1d9c937c7711174ed74c59eef40a1e4569a05c9de88219",
    "https://deno.land/std@0.192.0/collections/_utils.ts": "5114abc026ddef71207a79609b984614e66a63a4bda17d819d56b0e72c51527e",
    "https://deno.land/std@0.192.0/collections/deep_merge.ts": "5a8ed29030f4471a5272785c57c3455fa79697b9a8f306013a8feae12bafc99a",
    "https://deno.land/std@0.192.0/crypto/_fnv/fnv32.ts": "e4649dfdefc5c987ed53c3c25db62db771a06d9d1b9c36d2b5cf0853b8e82153",
    "https://deno.land/std@0.192.0/crypto/_fnv/fnv64.ts": "bfa0e4702061fdb490a14e6bf5f9168a22fb022b307c5723499469bfefca555e",
    "https://deno.land/std@0.192.0/crypto/_fnv/mod.ts": "f956a95f58910f223e420340b7404702ecd429603acd4491fa77af84f746040c",
    "https://deno.land/std@0.192.0/crypto/_fnv/util.ts": "accba12bfd80a352e32a872f87df2a195e75561f1b1304a4cb4f5a4648d288f9",
    "https://deno.land/std@0.192.0/crypto/_wasm/lib/deno_std_wasm_crypto.generated.mjs": "85b50eee2e511584698c04f1d84155e57452ea963106fee64987c326e9e5d25d",
    "https://deno.land/std@0.192.0/crypto/_wasm/mod.ts": "973058e70052c98292b567d1c8396dffc28d6dfc6a44f0763032f6fbdf5222f5",
    "https://deno.land/std@0.192.0/crypto/crypto.ts": "4cae012d2022bc1470f548354a2e1a998f751eaddab6ab83dfb995948ba0b89d",
    "https://deno.land/std@0.192.0/crypto/keystack.ts": "877ab0f19eb7d37ad6495190d3c3e39f58e9c52e0b6a966f82fd6df67ca55f90",
    "https://deno.land/std@0.192.0/crypto/mod.ts": "ae384519e85eca9aeff4e7111ed153df8f3dbda7b35b70850ed4b3e9c8cec4d5",
    "https://deno.land/std@0.192.0/crypto/timing_safe_equal.ts": "0fae34ee02264f309ae0b6e54e9746a7aba3996e5454903ed106967a7a9ef665",
    "https://deno.land/std@0.192.0/crypto/to_hash_string.ts": "6927c768f3e373a1be4a31555a45ccecf7bd413105455cc334ad3f908cfa986f",
    "https://deno.land/std@0.192.0/encoding/base64.ts": "144ae6234c1fbe5b68666c711dc15b1e9ee2aef6d42b3b4345bf9a6c91d70d0d",
    "https://deno.land/std@0.192.0/encoding/base64url.ts": "2ed4ba122b20fedf226c5d337cf22ee2024fa73a8f85d915d442af7e9ce1fae1",
    "https://deno.land/std@0.192.0/encoding/hex.ts": "b4b1a7cb678745b0bf181ed8cf2498c7be00d121a7de244b752fbf9c7d9c48cd",
    "https://deno.land/std@0.192.0/fmt/colors.ts": "d67e3cd9f472535241a8e410d33423980bec45047e343577554d3356e1f0ef4e",
    "https://deno.land/std@0.192.0/front_matter/any.ts": "e69b749d9690d0c914af607e46c816f7389c35df7a8990f1c230874628e97b38",
    "https://deno.land/std@0.192.0/front_matter/mod.ts": "f817a339f595482cd2c98d47e8009fbc82a965247495dc4114e680ed75bcb782",
    "https://deno.land/std@0.192.0/fs/_util.ts": "fbf57dcdc9f7bc8128d60301eece608246971a7836a3bb1e78da75314f08b978",
    "https://deno.land/std@0.192.0/fs/copy.ts": "14214efd94fc3aa6db1e4af2b4b9578e50f7362b7f3725d5a14ad259a5df26c8",
    "https://deno.land/std@0.192.0/fs/empty_dir.ts": "c3d2da4c7352fab1cf144a1ecfef58090769e8af633678e0f3fabaef98594688",
    "https://deno.land/std@0.192.0/fs/ensure_dir.ts": "dc64c4c75c64721d4e3fb681f1382f803ff3d2868f08563ff923fdd20d071c40",
    "https://deno.land/std@0.192.0/fs/ensure_file.ts": "c38602670bfaf259d86ca824a94e6cb9e5eb73757fefa4ebf43a90dd017d53d9",
    "https://deno.land/std@0.192.0/fs/ensure_link.ts": "c0f5b2f0ec094ed52b9128eccb1ee23362a617457aa0f699b145d4883f5b2fb4",
    "https://deno.land/std@0.192.0/fs/ensure_symlink.ts": "5006ab2f458159c56d689b53b1e48d57e05eeb1eaf64e677f7f76a30bc4fdba1",
    "https://deno.land/std@0.192.0/fs/eol.ts": "f1f2eb348a750c34500741987b21d65607f352cf7205f48f4319d417fff42842",
    "https://deno.land/std@0.192.0/fs/exists.ts": "29c26bca8584a22876be7cb8844f1b6c8fc35e9af514576b78f5c6884d7ed02d",
    "https://deno.land/std@0.192.0/fs/expand_glob.ts": "e4f56259a0a70fe23f05215b00de3ac5e6ba46646ab2a06ebbe9b010f81c972a",
    "https://deno.land/std@0.192.0/fs/mod.ts": "bc3d0acd488cc7b42627044caf47d72019846d459279544e1934418955ba4898",
    "https://deno.land/std@0.192.0/fs/move.ts": "b4f8f46730b40c32ea3c0bc8eb0fd0e8139249a698883c7b3756424cf19785c9",
    "https://deno.land/std@0.192.0/fs/walk.ts": "920be35a7376db6c0b5b1caf1486fb962925e38c9825f90367f8f26b5e5d0897",
    "https://deno.land/std@0.192.0/io/buffer.ts": "17f4410eaaa60a8a85733e8891349a619eadfbbe42e2f319283ce2b8f29723ab",
    "https://deno.land/std@0.192.0/path/_constants.ts": "e49961f6f4f48039c0dfed3c3f93e963ca3d92791c9d478ac5b43183413136e0",
    "https://deno.land/std@0.192.0/path/_interface.ts": "6471159dfbbc357e03882c2266d21ef9afdb1e4aa771b0545e90db58a0ba314b",
    "https://deno.land/std@0.192.0/path/_util.ts": "d7abb1e0dea065f427b89156e28cdeb32b045870acdf865833ba808a73b576d0",
    "https://deno.land/std@0.192.0/path/common.ts": "ee7505ab01fd22de3963b64e46cff31f40de34f9f8de1fff6a1bd2fe79380000",
    "https://deno.land/std@0.192.0/path/glob.ts": "d479e0a695621c94d3fd7fe7abd4f9499caf32a8de13f25073451c6ef420a4e1",
    "https://deno.land/std@0.192.0/path/mod.ts": "f065032a7189404fdac3ad1a1551a9ac84751d2f25c431e101787846c86c79ef",
    "https://deno.land/std@0.192.0/path/posix.ts": "8b7c67ac338714b30c816079303d0285dd24af6b284f7ad63da5b27372a2c94d",
    "https://deno.land/std@0.192.0/path/separator.ts": "0fb679739d0d1d7bf45b68dacfb4ec7563597a902edbaf3c59b50d5bcadd93b1",
    "https://deno.land/std@0.192.0/path/win32.ts": "d186344e5583bcbf8b18af416d13d82b35a317116e6460a5a3953508c3de5bba",
    "https://deno.land/std@0.192.0/testing/_diff.ts": "1a3c044aedf77647d6cac86b798c6417603361b66b54c53331b312caeb447aea",
    "https://deno.land/std@0.192.0/testing/_format.ts": "a69126e8a469009adf4cf2a50af889aca364c349797e63174884a52ff75cf4c7",
    "https://deno.land/std@0.192.0/testing/asserts.ts": "e16d98b4d73ffc4ed498d717307a12500ae4f2cbe668f1a215632d19fcffc22f",
    "https://deno.land/std@0.192.0/toml/_parser.ts": "ca98edfbdbc5741734134548db65d4c10ba60abbd739f10f949aa912664fd86e",
    "https://deno.land/std@0.192.0/toml/parse.ts": "e900bafdf35d802519842a303e07a62ea5282186960b3474e8083509ab1c7f0d",
    "https://deno.land/std@0.192.0/types.d.ts": "dbaeb2c4d7c526db9828fc8df89d8aecf53b9ced72e0c4568f97ddd8cda616a4",
    "https://deno.land/std@0.192.0/yaml/_dumper/dumper.ts": "a2c937a53a2b0473125a31a330334cc3f30e98fd82f8143bc225583d1260890b",
    "https://deno.land/std@0.192.0/yaml/_dumper/dumper_state.ts": "f0d0673ceea288334061ca34b63954c2bb5feb5bf6de5e4cfe9a942cdf6e5efe",
    "https://deno.land/std@0.192.0/yaml/_error.ts": "b59e2c76ce5a47b1b9fa0ff9f96c1dd92ea1e1b17ce4347ece5944a95c3c1a84",
    "https://deno.land/std@0.192.0/yaml/_loader/loader.ts": "47b9592efcb390b58b1903cc471bfdf1fc71a0d2d2b31e37b5cae7d8804c7aed",
    "https://deno.land/std@0.192.0/yaml/_loader/loader_state.ts": "0841870b467169269d7c2dfa75cd288c319bc06f65edd9e42c29e5fced91c7a4",
    "https://deno.land/std@0.192.0/yaml/_mark.ts": "dcd8585dee585e024475e9f3fe27d29740670fb64ebb970388094cad0fc11d5d",
    "https://deno.land/std@0.192.0/yaml/_state.ts": "ef03d55ec235d48dcfbecc0ab3ade90bfae69a61094846e08003421c2cf5cfc6",
    "https://deno.land/std@0.192.0/yaml/_type/binary.ts": "d34d8c8d8ed521e270cfede3401c425b971af4f6c69da1e2cb32b172d42c7da7",
    "https://deno.land/std@0.192.0/yaml/_type/bool.ts": "5bfa75da84343d45347b521ba4e5aeace9fe6f53447405290d53315a3fc20e66",
    "https://deno.land/std@0.192.0/yaml/_type/float.ts": "056bd3cb9c5586238b20517511014fb24b0e36f98f9f6073e12da308b6b9808a",
    "https://deno.land/std@0.192.0/yaml/_type/function.ts": "ff574fe84a750695302864e1c31b93f12d14ada4bde79a5f93197fc33ad17471",
    "https://deno.land/std@0.192.0/yaml/_type/int.ts": "563ad074f0fa7aecf6b6c3d84135bcc95a8269dcc15de878de20ce868fd773fa",
    "https://deno.land/std@0.192.0/yaml/_type/map.ts": "7b105e4ab03a361c61e7e335a0baf4d40f06460b13920e5af3fb2783a1464000",
    "https://deno.land/std@0.192.0/yaml/_type/merge.ts": "8192bf3e4d637f32567917f48bb276043da9cf729cf594e5ec191f7cd229337e",
    "https://deno.land/std@0.192.0/yaml/_type/mod.ts": "060e2b3d38725094b77ea3a3f05fc7e671fced8e67ca18e525be98c4aa8f4bbb",
    "https://deno.land/std@0.192.0/yaml/_type/nil.ts": "606e8f0c44d73117c81abec822f89ef81e40f712258c74f186baa1af659b8887",
    "https://deno.land/std@0.192.0/yaml/_type/omap.ts": "cfe59a294726f5cea705c39a61fd2b08199cf48f4ccd6b040cb550ec0f38d0a1",
    "https://deno.land/std@0.192.0/yaml/_type/pairs.ts": "0032fdfe57558d21696a4f8cf5b5cfd1f698743177080affc18629685c905666",
    "https://deno.land/std@0.192.0/yaml/_type/regexp.ts": "1ce118de15b2da43b4bd8e4395f42d448b731acf3bdaf7c888f40789f9a95f8b",
    "https://deno.land/std@0.192.0/yaml/_type/seq.ts": "95333abeec8a7e4d967b8c8328b269e342a4bbdd2585395549b9c4f58c8533a2",
    "https://deno.land/std@0.192.0/yaml/_type/set.ts": "f28ba44e632ef2a6eb580486fd47a460445eeddbdf1dbc739c3e62486f566092",
    "https://deno.land/std@0.192.0/yaml/_type/str.ts": "a67a3c6e429d95041399e964015511779b1130ea5889fa257c48457bd3446e31",
    "https://deno.land/std@0.192.0/yaml/_type/timestamp.ts": "706ea80a76a73e48efaeb400ace087da1f927647b53ad6f754f4e06d51af087f",
    "https://deno.land/std@0.192.0/yaml/_type/undefined.ts": "94a316ca450597ccbc6750cbd79097ad0d5f3a019797eed3c841a040c29540ba",
    "https://deno.land/std@0.192.0/yaml/_utils.ts": "26b311f0d42a7ce025060bd6320a68b50e52fd24a839581eb31734cd48e20393",
    "https://deno.land/std@0.192.0/yaml/mod.ts": "28ecda6652f3e7a7735ee29c247bfbd32a2e2fc5724068e9fd173ec4e59f66f7",
    "https://deno.land/std@0.192.0/yaml/parse.ts": "1fbbda572bf3fff578b6482c0d8b85097a38de3176bf3ab2ca70c25fb0c960ef",
    "https://deno.land/std@0.192.0/yaml/schema.ts": "96908b78dc50c340074b93fc1598d5e7e2fe59103f89ff81e5a49b2dedf77a67",
    "https://deno.land/std@0.192.0/yaml/schema/core.ts": "fa406f18ceedc87a50e28bb90ec7a4c09eebb337f94ef17468349794fa828639",
    "https://deno.land/std@0.192.0/yaml/schema/default.ts": "0047e80ae8a4a93293bc4c557ae8a546aabd46bb7165b9d9b940d57b4d88bde9",
    "https://deno.land/std@0.192.0/yaml/schema/extended.ts": "0784416bf062d20a1626b53c03380e265b3e39b9409afb9f4cb7d659fd71e60d",
    "https://deno.land/std@0.192.0/yaml/schema/failsafe.ts": "d219ab5febc43f770917d8ec37735a4b1ad671149846cbdcade767832b42b92b",
    "https://deno.land/std@0.192.0/yaml/schema/json.ts": "5f41dd7c2f1ad545ef6238633ce9ee3d444dfc5a18101e1768bd5504bf90e5e5",
    "https://deno.land/std@0.192.0/yaml/schema/mod.ts": "4472e827bab5025e92bc2eb2eeefa70ecbefc64b2799b765c69af84822efef32",
    "https://deno.land/std@0.192.0/yaml/stringify.ts": "fffc09c65c68d3d63f8159e8cbaa3f489bc20a8e55b4fbb61a8c2e9f914d1d02",
    "https://deno.land/std@0.192.0/yaml/type.ts": "1aabb8e0a3f4229ce0a3526256f68826d9bdf65a36c8a3890ead8011fcba7670",
    "https://deno.land/x/base@2.0.4/deps.ts": "eb703990a1487e76866103110a80c1dabb943411ae59049887e70d045e50b201",
    "https://deno.land/x/base@2.0.4/lib/Base.ts": "9e841bc4dfe33dd29dd9396899b48a3006729269ee7cc8811a3332cd32517669",
    "https://deno.land/x/base@2.0.4/lib/bases.ts": "7cb38bccc2418d1f54998ac2872bbed5573c01d7caa5e58b459005941145ecca",
    "https://deno.land/x/base@2.0.4/lib/constants.ts": "8b51a5f536f2dd9871e194b289a70eba31ed08dfcbac05d382a339346f51bb65",
    "https://deno.land/x/base@2.0.4/lib/decode.ts": "bacf95b2668d98e93e7db08e8d277e5eb96d5567e412a0c9df1b7c9625c95ed4",
    "https://deno.land/x/base@2.0.4/lib/encode.ts": "329cfc77351c4e48019119ddc7ea170b0c7b3a9e21e2693bbbdea53238775683",
    "https://deno.land/x/base@2.0.4/lib/translate.ts": "91cdb33daff41e40524087dc5d41bef408a094958407b357c258069756b8cd0b",
    "https://deno.land/x/base@2.0.4/lib/verifyBase.ts": "fc54c26c8963a9cbc2fdf9202a4c741b6d4f577b3e53f1b61a2cf1b741285833",
    "https://deno.land/x/base@2.0.4/lib/verifyString.ts": "11068ec848bb3285f20955698f0f24fb4a403e68d10606c5c05aff4e4175a13d",
    "https://deno.land/x/base@2.0.4/mod.ts": "41429d49c060e44b06f9e7fd01998a3bf95e0be7d95af1b1cba94f6524aaaaaa",
    "https://deno.land/x/big@1.0.0/lib/big.ts": "51abbc8a49f1dedf100e2293a886e21f3c94a1095793fbc1e1e1f40ebf3c33cb",
    "https://deno.land/x/big@1.0.0/mod.ts": "5c7621c2fc671db604c8d72439767c633a2d4d1594d1ebf547478bbf5220f69a",
    "https://deno.land/x/cliffy@v0.25.7/_utils/distance.ts": "02af166952c7c358ac83beae397aa2fbca4ad630aecfcd38d92edb1ea429f004",
    "https://deno.land/x/cliffy@v0.25.7/command/_errors.ts": "a9bd23dc816b32ec96c9b8f3057218241778d8c40333b43341138191450965e5",
    "https://deno.land/x/cliffy@v0.25.7/command/_utils.ts": "9ab3d69fabab6c335b881b8a5229cbd5db0c68f630a1c307aff988b6396d9baf",
    "https://deno.land/x/cliffy@v0.25.7/command/command.ts": "a2b83c612acd65c69116f70dec872f6da383699b83874b70fcf38cddf790443f",
    "https://deno.land/x/cliffy@v0.25.7/command/completions/_bash_completions_generator.ts": "43b4abb543d4dc60233620d51e69d82d3b7c44e274e723681e0dce2a124f69f9",
    "https://deno.land/x/cliffy@v0.25.7/command/completions/_fish_completions_generator.ts": "d0289985f5cf0bd288c05273bfa286b24c27feb40822eb7fd9d7fee64e6580e8",
    "https://deno.land/x/cliffy@v0.25.7/command/completions/_zsh_completions_generator.ts": "14461eb274954fea4953ee75938821f721da7da607dc49bcc7db1e3f33a207bd",
    "https://deno.land/x/cliffy@v0.25.7/command/completions/bash.ts": "053aa2006ec327ccecacb00ba28e5eb836300e5c1bec1b3cfaee9ddcf8189756",
    "https://deno.land/x/cliffy@v0.25.7/command/completions/complete.ts": "58df61caa5e6220ff2768636a69337923ad9d4b8c1932aeb27165081c4d07d8b",
    "https://deno.land/x/cliffy@v0.25.7/command/completions/fish.ts": "9938beaa6458c6cf9e2eeda46a09e8cd362d4f8c6c9efe87d3cd8ca7477402a5",
    "https://deno.land/x/cliffy@v0.25.7/command/completions/mod.ts": "aeef7ec8e319bb157c39a4bab8030c9fe8fa327b4c1e94c9c1025077b45b40c0",
    "https://deno.land/x/cliffy@v0.25.7/command/completions/zsh.ts": "8b04ab244a0b582f7927d405e17b38602428eeb347a9968a657e7ea9f40e721a",
    "https://deno.land/x/cliffy@v0.25.7/command/deprecated.ts": "bbe6670f1d645b773d04b725b8b8e7814c862c9f1afba460c4d599ffe9d4983c",
    "https://deno.land/x/cliffy@v0.25.7/command/deps.ts": "275b964ce173770bae65f6b8ebe9d2fd557dc10292cdd1ed3db1735f0d77fa1d",
    "https://deno.land/x/cliffy@v0.25.7/command/help/_help_generator.ts": "f7c349cb2ddb737e70dc1f89bcb1943ca9017a53506be0d4138e0aadb9970a49",
    "https://deno.land/x/cliffy@v0.25.7/command/help/mod.ts": "09d74d3eb42d21285407cda688074c29595d9c927b69aedf9d05ff3f215820d3",
    "https://deno.land/x/cliffy@v0.25.7/command/mod.ts": "d0a32df6b14028e43bb2d41fa87d24bc00f9662a44e5a177b3db02f93e473209",
    "https://deno.land/x/cliffy@v0.25.7/command/type.ts": "24e88e3085e1574662b856ccce70d589959648817135d4469fab67b9cce1b364",
    "https://deno.land/x/cliffy@v0.25.7/command/types.ts": "ae02eec0ed7a769f7dba2dd5d3a931a61724b3021271b1b565cf189d9adfd4a0",
    "https://deno.land/x/cliffy@v0.25.7/command/types/action_list.ts": "33c98d449617c7a563a535c9ceb3741bde9f6363353fd492f90a74570c611c27",
    "https://deno.land/x/cliffy@v0.25.7/command/types/boolean.ts": "3879ec16092b4b5b1a0acb8675f8c9250c0b8a972e1e4c7adfba8335bd2263ed",
    "https://deno.land/x/cliffy@v0.25.7/command/types/child_command.ts": "f1fca390c7fbfa7a713ca15ef55c2c7656bcbb394d50e8ef54085bdf6dc22559",
    "https://deno.land/x/cliffy@v0.25.7/command/types/command.ts": "325d0382e383b725fd8d0ef34ebaeae082c5b76a1f6f2e843fee5dbb1a4fe3ac",
    "https://deno.land/x/cliffy@v0.25.7/command/types/enum.ts": "2178345972adf7129a47e5f02856ca3e6852a91442a1c78307dffb8a6a3c6c9f",
    "https://deno.land/x/cliffy@v0.25.7/command/types/file.ts": "8618f16ac9015c8589cbd946b3de1988cc4899b90ea251f3325c93c46745140e",
    "https://deno.land/x/cliffy@v0.25.7/command/types/integer.ts": "29864725fd48738579d18123d7ee78fed37515e6dc62146c7544c98a82f1778d",
    "https://deno.land/x/cliffy@v0.25.7/command/types/number.ts": "aeba96e6f470309317a16b308c82e0e4138a830ec79c9877e4622c682012bc1f",
    "https://deno.land/x/cliffy@v0.25.7/command/types/string.ts": "e4dadb08a11795474871c7967beab954593813bb53d9f69ea5f9b734e43dc0e0",
    "https://deno.land/x/cliffy@v0.25.7/command/upgrade/mod.ts": "17e2df3b620905583256684415e6c4a31e8de5c59066eb6d6c9c133919292dc4",
    "https://deno.land/x/cliffy@v0.25.7/command/upgrade/provider.ts": "d6fb846043232cbd23c57d257100c7fc92274984d75a5fead0f3e4266dc76ab8",
    "https://deno.land/x/cliffy@v0.25.7/command/upgrade/provider/deno_land.ts": "24f8d82e38c51e09be989f30f8ad21f9dd41ac1bb1973b443a13883e8ba06d6d",
    "https://deno.land/x/cliffy@v0.25.7/command/upgrade/provider/github.ts": "99e1b133dd446c6aa79f69e69c46eb8bc1c968dd331c2a7d4064514a317c7b59",
    "https://deno.land/x/cliffy@v0.25.7/command/upgrade/provider/nest_land.ts": "0e07936cea04fa41ac9297f32d87f39152ea873970c54cb5b4934b12fee1885e",
    "https://deno.land/x/cliffy@v0.25.7/command/upgrade/upgrade_command.ts": "3640a287d914190241ea1e636774b1b4b0e1828fa75119971dd5304784061e05",
    "https://deno.land/x/cliffy@v0.25.7/flags/_errors.ts": "f1fbb6bfa009e7950508c9d491cfb4a5551027d9f453389606adb3f2327d048f",
    "https://deno.land/x/cliffy@v0.25.7/flags/_utils.ts": "340d3ecab43cde9489187e1f176504d2c58485df6652d1cdd907c0e9c3ce4cc2",
    "https://deno.land/x/cliffy@v0.25.7/flags/_validate_flags.ts": "16eb5837986c6f6f7620817820161a78d66ce92d690e3697068726bbef067452",
    "https://deno.land/x/cliffy@v0.25.7/flags/deprecated.ts": "a72a35de3cc7314e5ebea605ca23d08385b218ef171c32a3f135fb4318b08126",
    "https://deno.land/x/cliffy@v0.25.7/flags/flags.ts": "68a9dfcacc4983a84c07ba19b66e5e9fccd04389fad215210c60fb414cc62576",
    "https://deno.land/x/cliffy@v0.25.7/flags/types.ts": "7452ea5296758fb7af89930349ce40d8eb9a43b24b3f5759283e1cb5113075fd",
    "https://deno.land/x/cliffy@v0.25.7/flags/types/boolean.ts": "4c026dd66ec9c5436860dc6d0241427bdb8d8e07337ad71b33c08193428a2236",
    "https://deno.land/x/cliffy@v0.25.7/flags/types/integer.ts": "b60d4d590f309ddddf066782d43e4dc3799f0e7d08e5ede7dc62a5ee94b9a6d9",
    "https://deno.land/x/cliffy@v0.25.7/flags/types/number.ts": "610936e2d29de7c8c304b65489a75ebae17b005c6122c24e791fbed12444d51e",
    "https://deno.land/x/cliffy@v0.25.7/flags/types/string.ts": "e89b6a5ce322f65a894edecdc48b44956ec246a1d881f03e97bbda90dd8638c5",
    "https://deno.land/x/cliffy@v0.25.7/table/border.ts": "2514abae4e4f51eda60a5f8c927ba24efd464a590027e900926b38f68e01253c",
    "https://deno.land/x/cliffy@v0.25.7/table/cell.ts": "1d787d8006ac8302020d18ec39f8d7f1113612c20801b973e3839de9c3f8b7b3",
    "https://deno.land/x/cliffy@v0.25.7/table/deps.ts": "5b05fa56c1a5e2af34f2103fd199e5f87f0507549963019563eae519271819d2",
    "https://deno.land/x/cliffy@v0.25.7/table/layout.ts": "46bf10ae5430cf4fbb92f23d588230e9c6336edbdb154e5c9581290562b169f4",
    "https://deno.land/x/cliffy@v0.25.7/table/row.ts": "5f519ba7488d2ef76cbbf50527f10f7957bfd668ce5b9169abbc44ec88302645",
    "https://deno.land/x/cliffy@v0.25.7/table/table.ts": "ec204c9d08bb3ff1939c5ac7412a4c9ed7d00925d4fc92aff9bfe07bd269258d",
    "https://deno.land/x/cliffy@v0.25.7/table/utils.ts": "187bb7dcbcfb16199a5d906113f584740901dfca1007400cba0df7dcd341bc29",
    "https://esm.sh/github-slugger@2.0.0": "2b6e133c901f19367224b15c2404c9047d149947d714c0762fe2f58c15c61d9f",
    "https://esm.sh/js-sha3@0.8.0": "7d61230728a698ef7046accf176179936ea2652e4ed3d164eadc418856017cf6",
    "https://esm.sh/mdast-util-from-markdown@1.3.1": "d388921fdbe78d98775fb90c856c5063da9266288d7f1336489e459b84b90b86",
    "https://esm.sh/mdast-util-to-markdown@1.5.0": "33ea8a2be3caed9a2b09fde180fb2ca68f53effad03043ca1511e2976e03a1fc",
    "https://esm.sh/mdast-util-to-string@3.2.0": "0c6bacf9051473f8afa0868d6c5ecfad004b8dc0c58cbde414f7ab4e9c2a4535",
    "https://esm.sh/micromark-util-types@1.1.0": "229e8ea42e16447c623023dba746f0e35cbc17ef6daf4e7fec81d021021245c7",
    "https://esm.sh/micromark@3.2.0/lib/parse.js": "ea2a8e5c48f3efd9c677d3169d60a4300195c4bc17c3b122bd6daffd72287937",
    "https://esm.sh/micromark@3.2.0/lib/postprocess.js": "fd1f0d0278d0fed5b0b2d0849592b31b95e13a2d6f813f92a6b0c8b9fad9cb05",
    "https://esm.sh/micromark@3.2.0/lib/preprocess.js": "f90bd8365e440cbaad22216eecb6a359c5466cb459511bf3b5f95cf7d43b075d",
    "https://esm.sh/unist-util-visit-parents@5.1.3": "c5d6cbc95ec65fe504a9c475324b0f06a8d283314596eaf90b427ecb248c970a",
    "https://esm.sh/unist-util-visit@4.1.2": "2350e74a4a1e7ff1cc09b87560adea9f445a1d12a5d0a70212d60f96f1378430",
    "https://esm.sh/v126/@types/mdast@3.0.11/index.d.ts": "177b2631defd4d60dc1d0d1e6d718c783b4d2a80b044d8c4b38bba50de5dc9b1",
    "https://esm.sh/v126/@types/unist@2.0.6/index.d.ts": "cddf5c26907c0b8378bc05543161c11637b830da9fadf59e02a11e675d11e180",
    "https://esm.sh/v126/character-entities@2.0.2/denonext/character-entities.mjs": "9e8657f056310ac3ca8058eaf96cef695ee13a4bf6c302674796a882464f305c",
    "https://esm.sh/v126/decode-named-character-reference@1.0.2/denonext/decode-named-character-reference.mjs": "311744565c97732b6cc0694072ccc802a68432f081748becdf8547d433bddcb5",
    "https://esm.sh/v126/github-slugger@2.0.0/denonext/github-slugger.mjs": "42ff6fe7ba4f63d8a048970e5a32cd5b0348905dde3f9e270d90e44a6e7635ae",
    "https://esm.sh/v126/github-slugger@2.0.0/index.d.ts": "1ac0f0d4aa1197aded0e7a41a08d2e687e7db61c967a2fad216b736f18a740fa",
    "https://esm.sh/v126/js-sha3@0.8.0": "7d61230728a698ef7046accf176179936ea2652e4ed3d164eadc418856017cf6",
    "https://esm.sh/v126/js-sha3@0.8.0/denonext/js-sha3.mjs": "e900043a2b33f64acc65736593f35c73a6b574abe133fa86ae97babe4b6705c4",
    "https://esm.sh/v126/js-sha3@0.8.0/index.d.ts": "f0dbab413bd86c25237078f4219b5cb79099aca5ec2ebf2169513dd669aa8d83",
    "https://esm.sh/v126/longest-streak@3.1.0/denonext/longest-streak.mjs": "97b1d8c42d407e285971fea218d89a0404270c3b841a26ec62b83f62450ad573",
    "https://esm.sh/v126/mdast-util-from-markdown@1.3.1/denonext/mdast-util-from-markdown.mjs": "012ef30143f9a1a6633c90d4c74d4b96a9a4e055f2d912013f7b55d9e0d1a1dd",
    "https://esm.sh/v126/mdast-util-from-markdown@1.3.1/index.d.ts": "f20e31b5b4323b34bdc6cd93a476fb2514128af4e8cbb180513a0c2a13b30285",
    "https://esm.sh/v126/mdast-util-from-markdown@1.3.1/lib/index.d.ts": "d475e46fcb27dbdc46d73caea737e1c27ed92d4ca7dd60d4d947a533a0bc7335",
    "https://esm.sh/v126/mdast-util-phrasing@3.0.1/denonext/mdast-util-phrasing.mjs": "a776e1b4bbaac0f36b8ae6bca30658d90c746557280d85c6c3803f495ea0e964",
    "https://esm.sh/v126/mdast-util-to-markdown@1.5.0/denonext/mdast-util-to-markdown.mjs": "58b885c1a16d04e1a3b67119572caf1b40bf8003e8e727b8fa135fcd4e93019e",
    "https://esm.sh/v126/mdast-util-to-markdown@1.5.0/index.d.ts": "4ae65c60b771ce95470db3a6816ab150917250bcb982debcebeec0cfe4f75136",
    "https://esm.sh/v126/mdast-util-to-markdown@1.5.0/lib/handle/blockquote.d.ts": "c55381a9ec757d3b60ae4c513bf5b671062536b7392c0d4ad94325117c38a340",
    "https://esm.sh/v126/mdast-util-to-markdown@1.5.0/lib/handle/break.d.ts": "5e3cde4903a3bd1d2534494a21172693ba78e29b61020baa93a42e8983b06208",
    "https://esm.sh/v126/mdast-util-to-markdown@1.5.0/lib/handle/code.d.ts": "89eef4638611364288e8718d39cd2cbf7e0101f22b51c91dcb44e26fda4f2ddf",
    "https://esm.sh/v126/mdast-util-to-markdown@1.5.0/lib/handle/definition.d.ts": "d37026f0f79c690068e9748accdcf93482f6beba6eb8abed00dfe29f97fdda70",
    "https://esm.sh/v126/mdast-util-to-markdown@1.5.0/lib/handle/emphasis.d.ts": "a190215f9b09f1f02559fdd51e0e681cd8e121547b1ed6e26ddf60196010cfbd",
    "https://esm.sh/v126/mdast-util-to-markdown@1.5.0/lib/handle/heading.d.ts": "3696ac86d70cbd69aec5da2e5e4fa901c179fce6501de72c9e6e94cd4b1a7885",
    "https://esm.sh/v126/mdast-util-to-markdown@1.5.0/lib/handle/html.d.ts": "14c84dfbe528dcfb2921b39245e8947a14f0f09da89c113c0d99ff55b22de2e2",
    "https://esm.sh/v126/mdast-util-to-markdown@1.5.0/lib/handle/image-reference.d.ts": "4710d2e5359763bfa18622f2a1d13f488320fce1a220a3bef73cc7b6292b19f3",
    "https://esm.sh/v126/mdast-util-to-markdown@1.5.0/lib/handle/image.d.ts": "bf4d6548af9c459c1aafa81617f9168d121b2cbd231f6adc015b9aa424c43732",
    "https://esm.sh/v126/mdast-util-to-markdown@1.5.0/lib/handle/index.d.ts": "9603f45f09b41807962e338d1fbaf496d25575463c08e61b11bcddbad052d10d",
    "https://esm.sh/v126/mdast-util-to-markdown@1.5.0/lib/handle/inline-code.d.ts": "c2e4c11578cbfb33501b1f44900312607c23e1ea3f66cb0ac9d533537e9f8f9a",
    "https://esm.sh/v126/mdast-util-to-markdown@1.5.0/lib/handle/link-reference.d.ts": "5772725cf7bc6fc6f8af8ba89371baf1df0a3f939090f60ea1e147a5f14f80f6",
    "https://esm.sh/v126/mdast-util-to-markdown@1.5.0/lib/handle/link.d.ts": "0f546fdc50f9b13eb9ed464d33c768726d53a2e2bcbc9ca501d06fd2a43c6c3a",
    "https://esm.sh/v126/mdast-util-to-markdown@1.5.0/lib/handle/list-item.d.ts": "357ce8bd34101b18a4af7d019018c692bb215e4750f3542d27181e97a5a04270",
    "https://esm.sh/v126/mdast-util-to-markdown@1.5.0/lib/handle/list.d.ts": "981f1eb5c9b295c66066fbead96b381195feb32fd6e92680557de33db81772fd",
    "https://esm.sh/v126/mdast-util-to-markdown@1.5.0/lib/handle/paragraph.d.ts": "9b5fb55bdd40854542878fdeaad062cceaba8310315c4d73dbea527161f6f5de",
    "https://esm.sh/v126/mdast-util-to-markdown@1.5.0/lib/handle/root.d.ts": "8537a2b7d99b6f9e2397c9e7dca13e5d3814edaef47f47cc733fb39a874be7c1",
    "https://esm.sh/v126/mdast-util-to-markdown@1.5.0/lib/handle/strong.d.ts": "2f1a6b5e7ae42511ad66c057aaeaa1a5f4ad7986906b072cbd1b4a8eed1f2cc5",
    "https://esm.sh/v126/mdast-util-to-markdown@1.5.0/lib/handle/text.d.ts": "5e2b6d03e78ef66baabb5d2c0aa636ec1fb5275e7934439180a1eaad42258361",
    "https://esm.sh/v126/mdast-util-to-markdown@1.5.0/lib/handle/thematic-break.d.ts": "9c6c549166bfd8acdfd57c7b7dbcc6477a2319cfca99ca90e7d495034c819ba1",
    "https://esm.sh/v126/mdast-util-to-markdown@1.5.0/lib/index.d.ts": "8d85391c069a2ea0c0779abc56e48347dd8a885d4fefe1d09f3cfa4a252e4bfd",
    "https://esm.sh/v126/mdast-util-to-markdown@1.5.0/lib/types.d.ts": "9d05227ae3362a8e3a4f2b89f6bc8641f2c20f37bf818f7b4d59a7d59c65725b",
    "https://esm.sh/v126/mdast-util-to-string@3.2.0/denonext/mdast-util-to-string.mjs": "64fef8fd2a9fdb8abcff4ff6c086c273123c0833c13e465d6c9f82332d1e239c",
    "https://esm.sh/v126/mdast-util-to-string@3.2.0/index.d.ts": "1a3ddc4cf1d6ca879eff274a182d339203efdd9c937466d111f95f8e7dc24bea",
    "https://esm.sh/v126/mdast-util-to-string@3.2.0/lib/index.d.ts": "f142d4735b57227155984ab469bfd7c7972aecf9ad74e99e23f387a067fac3e6",
    "https://esm.sh/v126/micromark-core-commonmark@1.1.0/denonext/micromark-core-commonmark.mjs": "ad946c67dd82b2973a625953e16ffb4d595c89a543fb5984f0446b29875d4185",
    "https://esm.sh/v126/micromark-factory-destination@1.1.0/denonext/micromark-factory-destination.mjs": "057d302d7a1e0c49e4a1be4b31da5e58954dfe4e8500eaf73351ffc062353ae6",
    "https://esm.sh/v126/micromark-factory-label@1.1.0/denonext/micromark-factory-label.mjs": "fd9ecc287b44f3c53b9b58b6433796bb7166ee04702600892eacb558832b47e6",
    "https://esm.sh/v126/micromark-factory-space@1.1.0/denonext/micromark-factory-space.mjs": "d355c0f3a415e7dcc22df8b1415c49bf01c68d7619b210876b25be6e68b7ef6b",
    "https://esm.sh/v126/micromark-factory-title@1.1.0/denonext/micromark-factory-title.mjs": "883e9d955683ce87dfadeaaa7ff5e2504fe7acfaa19511f4f9483c86e77f370c",
    "https://esm.sh/v126/micromark-factory-whitespace@1.1.0/denonext/micromark-factory-whitespace.mjs": "3f0560f28b80c3d371b040b613d9def29af66025c85489ccb19339c43b38d8a6",
    "https://esm.sh/v126/micromark-util-character@1.2.0/denonext/micromark-util-character.mjs": "be2f95646c829378e2f33d0e8b03e7e057f2387cd54f9c18c3d48a87fbc909c9",
    "https://esm.sh/v126/micromark-util-chunked@1.1.0/denonext/micromark-util-chunked.mjs": "896f816c52b791283f998076bcea3ff9a4bbd2bf858d96be6079400939ae8c9d",
    "https://esm.sh/v126/micromark-util-classify-character@1.1.0/denonext/micromark-util-classify-character.mjs": "212d21f0ab913eab58ca95b7501ec7581224b837ca6eb336f2447a9305a16bfc",
    "https://esm.sh/v126/micromark-util-combine-extensions@1.1.0/denonext/micromark-util-combine-extensions.mjs": "eca0adf8ce491fec952cfb095002991076dc11fe8452880a4f66aa4f4fd5a9e7",
    "https://esm.sh/v126/micromark-util-decode-numeric-character-reference@1.1.0/denonext/micromark-util-decode-numeric-character-reference.mjs": "d9d2a8fc3648db44a49c0284d088db354b39c5623e1497c4127ad103594a7948",
    "https://esm.sh/v126/micromark-util-decode-string@1.1.0/denonext/micromark-util-decode-string.mjs": "40853eb51ebb358b05472b5af0ad480e2c2b0e589d7711316c86f0972b91bee7",
    "https://esm.sh/v126/micromark-util-html-tag-name@1.2.0/denonext/micromark-util-html-tag-name.mjs": "81ed9b1fe3f6dd5290991b4bf39d034ddfd6cdbb4f5352ab61769e4c2eb3fbd3",
    "https://esm.sh/v126/micromark-util-normalize-identifier@1.1.0/denonext/micromark-util-normalize-identifier.mjs": "27b873a22954a139d8215b722b0a867b4f1f718cd261ea3f884f997a0d3e0e08",
    "https://esm.sh/v126/micromark-util-resolve-all@1.1.0/denonext/micromark-util-resolve-all.mjs": "ee8f55a86b2bfcc1be3d15bbd8b106755a51916ae4c75c962cc044f6b2a22d46",
    "https://esm.sh/v126/micromark-util-subtokenize@1.1.0/denonext/micromark-util-subtokenize.mjs": "536d895eb2d6c2d5407e10bad3744634106bba4d73e6b4d032efa2d304963982",
    "https://esm.sh/v126/micromark-util-types@1.1.0/denonext/micromark-util-types.mjs": "3eac998230d4a103020dd9db0ce2b35f3fd8a081c5a22e8fa574a9c9458af1a6",
    "https://esm.sh/v126/micromark-util-types@1.1.0/index.d.ts": "4cef6b76f45c58ff3044e1851afecd32be09fa6def7a626115b555b063e3e9ef",
    "https://esm.sh/v126/micromark@3.2.0/denonext/lib/parse.js": "cf6a90525c8eca1ac80e4e80edc0ab2df3502c14113686a1450eb422f208208a",
    "https://esm.sh/v126/micromark@3.2.0/denonext/lib/postprocess.js": "28cf7a99d3b9164ce556fdc3a97890801c85155488fc77e3f6914d78e66aa53b",
    "https://esm.sh/v126/micromark@3.2.0/denonext/lib/preprocess.js": "786db83c43e9d21f14bc37b6c05f061ca4a1db862ffed10c07ca1e6843f73fae",
    "https://esm.sh/v126/micromark@3.2.0/dev/lib/parse.d.ts": "01f3fa33852ffde7b1bb0c23a30348b8462ca4a72059584437df4f0a3e3afa1e",
    "https://esm.sh/v126/micromark@3.2.0/dev/lib/postprocess.d.ts": "fc7de71811bffc864d175d9db686b331f7b0be546a0e5acb90ef8d5495049d93",
    "https://esm.sh/v126/micromark@3.2.0/dev/lib/preprocess.d.ts": "c63e701d86818ee8baaa303983897af914a93933686dea2de7647d181bca9baa",
    "https://esm.sh/v126/unist-util-is@5.2.1/denonext/unist-util-is.mjs": "771abea65db57c71e2a3d98200242c362337617e63881fc9954e891dde32277c",
    "https://esm.sh/v126/unist-util-is@5.2.1/index.d.ts": "002f7c8347b608ffebe6f3f66ee48dee8a078c59d202ccf2abdfcc8d6b8b9b55",
    "https://esm.sh/v126/unist-util-is@5.2.1/lib/index.d.ts": "accd29ff5e616d89721bf541534e4a025d097f7fcdc89eb4f36592cdb6e66865",
    "https://esm.sh/v126/unist-util-stringify-position@3.0.3/denonext/unist-util-stringify-position.mjs": "e3b2256d68ec8d5ceeb204afe84492e69182ad264a876309a33def43aa34111d",
    "https://esm.sh/v126/unist-util-visit-parents@5.1.3/complex-types.d.ts": "6700cf87a86ca07144bd4ee6ea4fbe42aba3a1922ed3840b2ca3f4718a4795eb",
    "https://esm.sh/v126/unist-util-visit-parents@5.1.3/denonext/unist-util-visit-parents.mjs": "ded52b134215d6eeffcd2bbbd28a48cf776b0cabc5cea69ab4d4c08179cdf8d3",
    "https://esm.sh/v126/unist-util-visit-parents@5.1.3/index.d.ts": "b7f86b9b5a4d1e3e2105f51958b1e649f81c029b8183278fe7acc665d96aa1b4",
    "https://esm.sh/v126/unist-util-visit-parents@5.1.3/lib/complex-types.d.ts": "9edf976c622135540e34b0dec1610dba2e3dc2600a15a622579905c775024811",
    "https://esm.sh/v126/unist-util-visit-parents@5.1.3/lib/index.d.ts": "480efdceec7465bb760be5bdace5d5afaf5ad872216c692314a3abc35fea2f22",
    "https://esm.sh/v126/unist-util-visit@4.1.2/denonext/unist-util-visit.mjs": "880a7728c99ec460216c51bb6bc49b0ea02fe9cdf0ee34cb2d6dc4ec42cd452f",
    "https://esm.sh/v126/unist-util-visit@4.1.2/index.d.ts": "494240c69bd84a964aa105044e670144d26f733dd3a6ce25b60d64218319d6a5",
    "https://esm.sh/v126/unist-util-visit@4.1.2/lib/index.d.ts": "4036d692b14ac85f291627b4b0398c3c877678953d6ed856ca21bf97fb3efad5",
    "https://esm.sh/v126/zwitch@2.0.4/denonext/zwitch.mjs": "c0e8c246a1f38b425335ea78cc366a7801d3ef89701229a35f85a51310e6e49f"
  },
  "npm": {
    "specifiers": {
      "@types/node": "@types/node@18.11.18"
    },
    "packages": {
      "@types/node@18.11.18": {
        "integrity": "sha512-DHQpWGjyQKSHj3ebjFI/wRKcqQcdR+MoFBygntYOZytCqNfkd2ZC4ARDJ2DQqhjH5p85Nnd3jhUJIXrszFX/JA==",
        "dependencies": {}
      }
    }
  }
}
