{
  "version": "2",
  "remote": {
    "https://deno.land/std@0.192.0/fmt/colors.ts": "d67e3cd9f472535241a8e410d33423980bec45047e343577554d3356e1f0ef4e",
    "https://deno.land/std@0.192.0/testing/_diff.ts": "1a3c044aedf77647d6cac86b798c6417603361b66b54c53331b312caeb447aea",
    "https://deno.land/std@0.192.0/testing/_format.ts": "a69126e8a469009adf4cf2a50af889aca364c349797e63174884a52ff75cf4c7",
    "https://deno.land/std@0.192.0/testing/asserts.ts": "e16d98b4d73ffc4ed498d717307a12500ae4f2cbe668f1a215632d19fcffc22f",
    "https://esm.sh/micromark-util-types@1.1.0": "229e8ea42e16447c623023dba746f0e35cbc17ef6daf4e7fec81d021021245c7",
    "https://esm.sh/micromark@3.2.0/lib/parse.js": "ea2a8e5c48f3efd9c677d3169d60a4300195c4bc17c3b122bd6daffd72287937",
    "https://esm.sh/micromark@3.2.0/lib/postprocess.js": "fd1f0d0278d0fed5b0b2d0849592b31b95e13a2d6f813f92a6b0c8b9fad9cb05",
    "https://esm.sh/micromark@3.2.0/lib/preprocess.js": "f90bd8365e440cbaad22216eecb6a359c5466cb459511bf3b5f95cf7d43b075d",
    "https://esm.sh/v126/character-entities@2.0.2/denonext/character-entities.mjs": "9e8657f056310ac3ca8058eaf96cef695ee13a4bf6c302674796a882464f305c",
    "https://esm.sh/v126/decode-named-character-reference@1.0.2/denonext/decode-named-character-reference.mjs": "311744565c97732b6cc0694072ccc802a68432f081748becdf8547d433bddcb5",
    "https://esm.sh/v126/micromark-core-commonmark@1.1.0/denonext/micromark-core-commonmark.mjs": "ad946c67dd82b2973a625953e16ffb4d595c89a543fb5984f0446b29875d4185",
    "https://esm.sh/v126/micromark-factory-destination@1.1.0/denonext/micromark-factory-destination.mjs": "057d302d7a1e0c49e4a1be4b31da5e58954dfe4e8500eaf73351ffc062353ae6",
    "https://esm.sh/v126/micromark-factory-label@1.1.0/denonext/micromark-factory-label.mjs": "fd9ecc287b44f3c53b9b58b6433796bb7166ee04702600892eacb558832b47e6",
    "https://esm.sh/v126/micromark-factory-space@1.1.0/denonext/micromark-factory-space.mjs": "d355c0f3a415e7dcc22df8b1415c49bf01c68d7619b210876b25be6e68b7ef6b",
    "https://esm.sh/v126/micromark-factory-title@1.1.0/denonext/micromark-factory-title.mjs": "883e9d955683ce87dfadeaaa7ff5e2504fe7acfaa19511f4f9483c86e77f370c",
    "https://esm.sh/v126/micromark-factory-whitespace@1.1.0/denonext/micromark-factory-whitespace.mjs": "3f0560f28b80c3d371b040b613d9def29af66025c85489ccb19339c43b38d8a6",
    "https://esm.sh/v126/micromark-util-character@1.2.0/denonext/micromark-util-character.mjs": "be2f95646c829378e2f33d0e8b03e7e057f2387cd54f9c18c3d48a87fbc909c9",
    "https://esm.sh/v126/micromark-util-chunked@1.1.0/denonext/micromark-util-chunked.mjs": "896f816c52b791283f998076bcea3ff9a4bbd2bf858d96be6079400939ae8c9d",
    "https://esm.sh/v126/micromark-util-classify-character@1.1.0/denonext/micromark-util-classify-character.mjs": "212d21f0ab913eab58ca95b7501ec7581224b837ca6eb336f2447a9305a16bfc",
    "https://esm.sh/v126/micromark-util-combine-extensions@1.1.0/denonext/micromark-util-combine-extensions.mjs": "eca0adf8ce491fec952cfb095002991076dc11fe8452880a4f66aa4f4fd5a9e7",
    "https://esm.sh/v126/micromark-util-html-tag-name@1.2.0/denonext/micromark-util-html-tag-name.mjs": "81ed9b1fe3f6dd5290991b4bf39d034ddfd6cdbb4f5352ab61769e4c2eb3fbd3",
    "https://esm.sh/v126/micromark-util-normalize-identifier@1.1.0/denonext/micromark-util-normalize-identifier.mjs": "27b873a22954a139d8215b722b0a867b4f1f718cd261ea3f884f997a0d3e0e08",
    "https://esm.sh/v126/micromark-util-resolve-all@1.1.0/denonext/micromark-util-resolve-all.mjs": "ee8f55a86b2bfcc1be3d15bbd8b106755a51916ae4c75c962cc044f6b2a22d46",
    "https://esm.sh/v126/micromark-util-subtokenize@1.1.0/denonext/micromark-util-subtokenize.mjs": "536d895eb2d6c2d5407e10bad3744634106bba4d73e6b4d032efa2d304963982",
    "https://esm.sh/v126/micromark-util-types@1.1.0/denonext/micromark-util-types.mjs": "3eac998230d4a103020dd9db0ce2b35f3fd8a081c5a22e8fa574a9c9458af1a6",
    "https://esm.sh/v126/micromark-util-types@1.1.0/index.d.ts": "4cef6b76f45c58ff3044e1851afecd32be09fa6def7a626115b555b063e3e9ef",
    "https://esm.sh/v126/micromark@3.2.0/denonext/lib/parse.js": "cf6a90525c8eca1ac80e4e80edc0ab2df3502c14113686a1450eb422f208208a",
    "https://esm.sh/v126/micromark@3.2.0/denonext/lib/postprocess.js": "28cf7a99d3b9164ce556fdc3a97890801c85155488fc77e3f6914d78e66aa53b",
    "https://esm.sh/v126/micromark@3.2.0/denonext/lib/preprocess.js": "786db83c43e9d21f14bc37b6c05f061ca4a1db862ffed10c07ca1e6843f73fae",
    "https://esm.sh/v126/micromark@3.2.0/dev/lib/parse.d.ts": "01f3fa33852ffde7b1bb0c23a30348b8462ca4a72059584437df4f0a3e3afa1e",
    "https://esm.sh/v126/micromark@3.2.0/dev/lib/postprocess.d.ts": "fc7de71811bffc864d175d9db686b331f7b0be546a0e5acb90ef8d5495049d93",
    "https://esm.sh/v126/micromark@3.2.0/dev/lib/preprocess.d.ts": "c63e701d86818ee8baaa303983897af914a93933686dea2de7647d181bca9baa"
  }
}
